
Microsoft Visual Studio Solution File, Format Version 12.00
# Visual Studio Version 16
VisualStudioVersion = 16.0.30225.117
MinimumVisualStudioVersion = 10.0.40219.1
Project("{FAE04EC0-301F-11D3-BF4B-00C04F79EFBC}") = "cloud-signature-consortium-asp-net-core", "cloud-signature-consortium-asp-net-core.csproj", "{5D0919F1-78AB-4881-A928-F566A3B170C8}"
EndProject
Global
	GlobalSection(SolutionConfigurationPlatforms) = preSolution
		Debug|Any CPU = Debug|Any CPU
		Release|Any CPU = Release|Any CPU
	EndGlobalSection
	GlobalSection(ProjectConfigurationPlatforms) = postSolution
		{5D0919F1-78AB-4881-A928-F566A3B170C8}.Debug|Any CPU.ActiveCfg = Debug|Any CPU
		{5D0919F1-78AB-4881-A928-F566A3B170C8}.Debug|Any CPU.Build.0 = Debug|Any CPU
		{5D0919F1-78AB-4881-A928-F566A3B170C8}.Release|Any CPU.ActiveCfg = Release|Any CPU
		{5D0919F1-78AB-4881-A928-F566A3B170C8}.Release|Any CPU.Build.0 = Release|Any CPU
	EndGlobalSection
	GlobalSection(SolutionProperties) = preSolution
		HideSolutionNode = FALSE
	EndGlobalSection
	GlobalSection(ExtensibilityGlobals) = postSolution
		SolutionGuid = {861B31E6-453D-4FD7-8FEA-A4A4912F7962}
	EndGlobalSection
EndGlobal
